
Microsoft Visual Studio Solution File, Format Version 12.00
# Visual Studio 14
VisualStudioVersion = 14.0.25420.1
MinimumVisualStudioVersion = 10.0.40219.1
Project("{FAE04EC0-301F-11D3-BF4B-00C04F79EFBC}") = "ChurchApp.Droid", "ChurchApp\ChurchApp.Droid\ChurchApp.Droid.csproj", "{A0A7926D-52A3-4670-AC59-68BE4CEAAE42}"
EndProject
Project("{FAE04EC0-301F-11D3-BF4B-00C04F79EFBC}") = "ChurchApp.iOS", "ChurchApp\ChurchApp.iOS\ChurchApp.iOS.csproj", "{8E2F0FA0-07C1-490B-8E5C-A79AC5FC6E2A}"
EndProject
Project("{FAE04EC0-301F-11D3-BF4B-00C04F79EFBC}") = "ChurchApp.WinPhone", "ChurchApp\ChurchApp.WinPhone\ChurchApp.WinPhone.csproj", "{05AF056D-D763-4493-B30C-6F16110F0193}"
EndProject
Project("{FAE04EC0-301F-11D3-BF4B-00C04F79EFBC}") = "ChurchApp.UWP", "ChurchApp\ChurchApp.UWP\ChurchApp.UWP.csproj", "{B3FA7B28-9014-4CDC-BE91-97C329018F5E}"
EndProject
Project("{FAE04EC0-301F-11D3-BF4B-00C04F79EFBC}") = "ChurchApp.Windows", "ChurchApp\ChurchApp.Windows\ChurchApp.Windows.csproj", "{B91A6BE8-09EC-47A5-9E7C-25CCC5F0F5E3}"
EndProject
Project("{FAE04EC0-301F-11D3-BF4B-00C04F79EFBC}") = "ChurchApp", "ChurchApp\ChurchApp\ChurchApp.csproj", "{B64A22C4-A9AE-4578-86EB-26274778F7C7}"
EndProject
Global
	GlobalSection(SolutionConfigurationPlatforms) = preSolution
		Ad-Hoc|Any CPU = Ad-Hoc|Any CPU
		Ad-Hoc|ARM = Ad-Hoc|ARM
		Ad-Hoc|iPhone = Ad-Hoc|iPhone
		Ad-Hoc|iPhoneSimulator = Ad-Hoc|iPhoneSimulator
		Ad-Hoc|x64 = Ad-Hoc|x64
		Ad-Hoc|x86 = Ad-Hoc|x86
		AppStore|Any CPU = AppStore|Any CPU
		AppStore|ARM = AppStore|ARM
		AppStore|iPhone = AppStore|iPhone
		AppStore|iPhoneSimulator = AppStore|iPhoneSimulator
		AppStore|x64 = AppStore|x64
		AppStore|x86 = AppStore|x86
		Debug|Any CPU = Debug|Any CPU
		Debug|ARM = Debug|ARM
		Debug|iPhone = Debug|iPhone
		Debug|iPhoneSimulator = Debug|iPhoneSimulator
		Debug|x64 = Debug|x64
		Debug|x86 = Debug|x86
		Release|Any CPU = Release|Any CPU
		Release|ARM = Release|ARM
		Release|iPhone = Release|iPhone
		Release|iPhoneSimulator = Release|iPhoneSimulator
		Release|x64 = Release|x64
		Release|x86 = Release|x86
	EndGlobalSection
	GlobalSection(ProjectConfigurationPlatforms) = postSolution
		{A0A7926D-52A3-4670-AC59-68BE4CEAAE42}.Ad-Hoc|Any CPU.ActiveCfg = Release|Any CPU
		{A0A7926D-52A3-4670-AC59-68BE4CEAAE42}.Ad-Hoc|Any CPU.Build.0 = Release|Any CPU
		{A0A7926D-52A3-4670-AC59-68BE4CEAAE42}.Ad-Hoc|Any CPU.Deploy.0 = Release|Any CPU
		{A0A7926D-52A3-4670-AC59-68BE4CEAAE42}.Ad-Hoc|ARM.ActiveCfg = Release|Any CPU
		{A0A7926D-52A3-4670-AC59-68BE4CEAAE42}.Ad-Hoc|ARM.Build.0 = Release|Any CPU
		{A0A7926D-52A3-4670-AC59-68BE4CEAAE42}.Ad-Hoc|ARM.Deploy.0 = Release|Any CPU
		{A0A7926D-52A3-4670-AC59-68BE4CEAAE42}.Ad-Hoc|iPhone.ActiveCfg = Release|Any CPU
		{A0A7926D-52A3-4670-AC59-68BE4CEAAE42}.Ad-Hoc|iPhone.Build.0 = Release|Any CPU
		{A0A7926D-52A3-4670-AC59-68BE4CEAAE42}.Ad-Hoc|iPhone.Deploy.0 = Release|Any CPU
		{A0A7926D-52A3-4670-AC59-68BE4CEAAE42}.Ad-Hoc|iPhoneSimulator.ActiveCfg = Release|Any CPU
		{A0A7926D-52A3-4670-AC59-68BE4CEAAE42}.Ad-Hoc|iPhoneSimulator.Build.0 = Release|Any CPU
		{A0A7926D-52A3-4670-AC59-68BE4CEAAE42}.Ad-Hoc|iPhoneSimulator.Deploy.0 = Release|Any CPU
		{A0A7926D-52A3-4670-AC59-68BE4CEAAE42}.Ad-Hoc|x64.ActiveCfg = Release|Any CPU
		{A0A7926D-52A3-4670-AC59-68BE4CEAAE42}.Ad-Hoc|x64.Build.0 = Release|Any CPU
		{A0A7926D-52A3-4670-AC59-68BE4CEAAE42}.Ad-Hoc|x64.Deploy.0 = Release|Any CPU
		{A0A7926D-52A3-4670-AC59-68BE4CEAAE42}.Ad-Hoc|x86.ActiveCfg = Release|Any CPU
		{A0A7926D-52A3-4670-AC59-68BE4CEAAE42}.Ad-Hoc|x86.Build.0 = Release|Any CPU
		{A0A7926D-52A3-4670-AC59-68BE4CEAAE42}.Ad-Hoc|x86.Deploy.0 = Release|Any CPU
		{A0A7926D-52A3-4670-AC59-68BE4CEAAE42}.AppStore|Any CPU.ActiveCfg = Release|Any CPU
		{A0A7926D-52A3-4670-AC59-68BE4CEAAE42}.AppStore|Any CPU.Build.0 = Release|Any CPU
		{A0A7926D-52A3-4670-AC59-68BE4CEAAE42}.AppStore|Any CPU.Deploy.0 = Release|Any CPU
		{A0A7926D-52A3-4670-AC59-68BE4CEAAE42}.AppStore|ARM.ActiveCfg = Release|Any CPU
		{A0A7926D-52A3-4670-AC59-68BE4CEAAE42}.AppStore|ARM.Build.0 = Release|Any CPU
		{A0A7926D-52A3-4670-AC59-68BE4CEAAE42}.AppStore|ARM.Deploy.0 = Release|Any CPU
		{A0A7926D-52A3-4670-AC59-68BE4CEAAE42}.AppStore|iPhone.ActiveCfg = Release|Any CPU
		{A0A7926D-52A3-4670-AC59-68BE4CEAAE42}.AppStore|iPhone.Build.0 = Release|Any CPU
		{A0A7926D-52A3-4670-AC59-68BE4CEAAE42}.AppStore|iPhone.Deploy.0 = Release|Any CPU
		{A0A7926D-52A3-4670-AC59-68BE4CEAAE42}.AppStore|iPhoneSimulator.ActiveCfg = Release|Any CPU
		{A0A7926D-52A3-4670-AC59-68BE4CEAAE42}.AppStore|iPhoneSimulator.Build.0 = Release|Any CPU
		{A0A7926D-52A3-4670-AC59-68BE4CEAAE42}.AppStore|iPhoneSimulator.Deploy.0 = Release|Any CPU
		{A0A7926D-52A3-4670-AC59-68BE4CEAAE42}.AppStore|x64.ActiveCfg = Release|Any CPU
		{A0A7926D-52A3-4670-AC59-68BE4CEAAE42}.AppStore|x64.Build.0 = Release|Any CPU
		{A0A7926D-52A3-4670-AC59-68BE4CEAAE42}.AppStore|x64.Deploy.0 = Release|Any CPU
		{A0A7926D-52A3-4670-AC59-68BE4CEAAE42}.AppStore|x86.ActiveCfg = Release|Any CPU
		{A0A7926D-52A3-4670-AC59-68BE4CEAAE42}.AppStore|x86.Build.0 = Release|Any CPU
		{A0A7926D-52A3-4670-AC59-68BE4CEAAE42}.AppStore|x86.Deploy.0 = Release|Any CPU
		{A0A7926D-52A3-4670-AC59-68BE4CEAAE42}.Debug|Any CPU.ActiveCfg = Debug|Any CPU
		{A0A7926D-52A3-4670-AC59-68BE4CEAAE42}.Debug|Any CPU.Build.0 = Debug|Any CPU
		{A0A7926D-52A3-4670-AC59-68BE4CEAAE42}.Debug|Any CPU.Deploy.0 = Debug|Any CPU
		{A0A7926D-52A3-4670-AC59-68BE4CEAAE42}.Debug|ARM.ActiveCfg = Debug|Any CPU
		{A0A7926D-52A3-4670-AC59-68BE4CEAAE42}.Debug|ARM.Build.0 = Debug|Any CPU
		{A0A7926D-52A3-4670-AC59-68BE4CEAAE42}.Debug|ARM.Deploy.0 = Debug|Any CPU
		{A0A7926D-52A3-4670-AC59-68BE4CEAAE42}.Debug|iPhone.ActiveCfg = Debug|Any CPU
		{A0A7926D-52A3-4670-AC59-68BE4CEAAE42}.Debug|iPhone.Build.0 = Debug|Any CPU
		{A0A7926D-52A3-4670-AC59-68BE4CEAAE42}.Debug|iPhone.Deploy.0 = Debug|Any CPU
		{A0A7926D-52A3-4670-AC59-68BE4CEAAE42}.Debug|iPhoneSimulator.ActiveCfg = Debug|Any CPU
		{A0A7926D-52A3-4670-AC59-68BE4CEAAE42}.Debug|iPhoneSimulator.Build.0 = Debug|Any CPU
		{A0A7926D-52A3-4670-AC59-68BE4CEAAE42}.Debug|iPhoneSimulator.Deploy.0 = Debug|Any CPU
		{A0A7926D-52A3-4670-AC59-68BE4CEAAE42}.Debug|x64.ActiveCfg = Debug|Any CPU
		{A0A7926D-52A3-4670-AC59-68BE4CEAAE42}.Debug|x64.Build.0 = Debug|Any CPU
		{A0A7926D-52A3-4670-AC59-68BE4CEAAE42}.Debug|x64.Deploy.0 = Debug|Any CPU
		{A0A7926D-52A3-4670-AC59-68BE4CEAAE42}.Debug|x86.ActiveCfg = Debug|Any CPU
		{A0A7926D-52A3-4670-AC59-68BE4CEAAE42}.Debug|x86.Build.0 = Debug|Any CPU
		{A0A7926D-52A3-4670-AC59-68BE4CEAAE42}.Debug|x86.Deploy.0 = Debug|Any CPU
		{A0A7926D-52A3-4670-AC59-68BE4CEAAE42}.Release|Any CPU.ActiveCfg = Release|Any CPU
		{A0A7926D-52A3-4670-AC59-68BE4CEAAE42}.Release|Any CPU.Build.0 = Release|Any CPU
		{A0A7926D-52A3-4670-AC59-68BE4CEAAE42}.Release|Any CPU.Deploy.0 = Release|Any CPU
		{A0A7926D-52A3-4670-AC59-68BE4CEAAE42}.Release|ARM.ActiveCfg = Release|Any CPU
		{A0A7926D-52A3-4670-AC59-68BE4CEAAE42}.Release|ARM.Build.0 = Release|Any CPU
		{A0A7926D-52A3-4670-AC59-68BE4CEAAE42}.Release|ARM.Deploy.0 = Release|Any CPU
		{A0A7926D-52A3-4670-AC59-68BE4CEAAE42}.Release|iPhone.ActiveCfg = Release|Any CPU
		{A0A7926D-52A3-4670-AC59-68BE4CEAAE42}.Release|iPhone.Build.0 = Release|Any CPU
		{A0A7926D-52A3-4670-AC59-68BE4CEAAE42}.Release|iPhone.Deploy.0 = Release|Any CPU
		{A0A7926D-52A3-4670-AC59-68BE4CEAAE42}.Release|iPhoneSimulator.ActiveCfg = Release|Any CPU
		{A0A7926D-52A3-4670-AC59-68BE4CEAAE42}.Release|iPhoneSimulator.Build.0 = Release|Any CPU
		{A0A7926D-52A3-4670-AC59-68BE4CEAAE42}.Release|iPhoneSimulator.Deploy.0 = Release|Any CPU
		{A0A7926D-52A3-4670-AC59-68BE4CEAAE42}.Release|x64.ActiveCfg = Release|Any CPU
		{A0A7926D-52A3-4670-AC59-68BE4CEAAE42}.Release|x64.Build.0 = Release|Any CPU
		{A0A7926D-52A3-4670-AC59-68BE4CEAAE42}.Release|x64.Deploy.0 = Release|Any CPU
		{A0A7926D-52A3-4670-AC59-68BE4CEAAE42}.Release|x86.ActiveCfg = Release|Any CPU
		{A0A7926D-52A3-4670-AC59-68BE4CEAAE42}.Release|x86.Build.0 = Release|Any CPU
		{A0A7926D-52A3-4670-AC59-68BE4CEAAE42}.Release|x86.Deploy.0 = Release|Any CPU
		{8E2F0FA0-07C1-490B-8E5C-A79AC5FC6E2A}.Ad-Hoc|Any CPU.ActiveCfg = Ad-Hoc|iPhone
		{8E2F0FA0-07C1-490B-8E5C-A79AC5FC6E2A}.Ad-Hoc|ARM.ActiveCfg = Ad-Hoc|iPhone
		{8E2F0FA0-07C1-490B-8E5C-A79AC5FC6E2A}.Ad-Hoc|iPhone.ActiveCfg = Ad-Hoc|iPhone
		{8E2F0FA0-07C1-490B-8E5C-A79AC5FC6E2A}.Ad-Hoc|iPhone.Build.0 = Ad-Hoc|iPhone
		{8E2F0FA0-07C1-490B-8E5C-A79AC5FC6E2A}.Ad-Hoc|iPhoneSimulator.ActiveCfg = Ad-Hoc|iPhoneSimulator
		{8E2F0FA0-07C1-490B-8E5C-A79AC5FC6E2A}.Ad-Hoc|iPhoneSimulator.Build.0 = Ad-Hoc|iPhoneSimulator
		{8E2F0FA0-07C1-490B-8E5C-A79AC5FC6E2A}.Ad-Hoc|x64.ActiveCfg = Ad-Hoc|iPhone
		{8E2F0FA0-07C1-490B-8E5C-A79AC5FC6E2A}.Ad-Hoc|x86.ActiveCfg = Ad-Hoc|iPhone
		{8E2F0FA0-07C1-490B-8E5C-A79AC5FC6E2A}.AppStore|Any CPU.ActiveCfg = AppStore|iPhone
		{8E2F0FA0-07C1-490B-8E5C-A79AC5FC6E2A}.AppStore|ARM.ActiveCfg = AppStore|iPhone
		{8E2F0FA0-07C1-490B-8E5C-A79AC5FC6E2A}.AppStore|iPhone.ActiveCfg = AppStore|iPhone
		{8E2F0FA0-07C1-490B-8E5C-A79AC5FC6E2A}.AppStore|iPhone.Build.0 = AppStore|iPhone
		{8E2F0FA0-07C1-490B-8E5C-A79AC5FC6E2A}.AppStore|iPhoneSimulator.ActiveCfg = AppStore|iPhoneSimulator
		{8E2F0FA0-07C1-490B-8E5C-A79AC5FC6E2A}.AppStore|iPhoneSimulator.Build.0 = AppStore|iPhoneSimulator
		{8E2F0FA0-07C1-490B-8E5C-A79AC5FC6E2A}.AppStore|x64.ActiveCfg = AppStore|iPhone
		{8E2F0FA0-07C1-490B-8E5C-A79AC5FC6E2A}.AppStore|x86.ActiveCfg = AppStore|iPhone
		{8E2F0FA0-07C1-490B-8E5C-A79AC5FC6E2A}.Debug|Any CPU.ActiveCfg = Debug|iPhone
		{8E2F0FA0-07C1-490B-8E5C-A79AC5FC6E2A}.Debug|ARM.ActiveCfg = Debug|iPhone
		{8E2F0FA0-07C1-490B-8E5C-A79AC5FC6E2A}.Debug|iPhone.ActiveCfg = Debug|iPhone
		{8E2F0FA0-07C1-490B-8E5C-A79AC5FC6E2A}.Debug|iPhone.Build.0 = Debug|iPhone
		{8E2F0FA0-07C1-490B-8E5C-A79AC5FC6E2A}.Debug|iPhoneSimulator.ActiveCfg = Debug|iPhoneSimulator
		{8E2F0FA0-07C1-490B-8E5C-A79AC5FC6E2A}.Debug|iPhoneSimulator.Build.0 = Debug|iPhoneSimulator
		{8E2F0FA0-07C1-490B-8E5C-A79AC5FC6E2A}.Debug|x64.ActiveCfg = Debug|iPhone
		{8E2F0FA0-07C1-490B-8E5C-A79AC5FC6E2A}.Debug|x86.ActiveCfg = Debug|iPhone
		{8E2F0FA0-07C1-490B-8E5C-A79AC5FC6E2A}.Release|Any CPU.ActiveCfg = Release|iPhone
		{8E2F0FA0-07C1-490B-8E5C-A79AC5FC6E2A}.Release|ARM.ActiveCfg = Release|iPhone
		{8E2F0FA0-07C1-490B-8E5C-A79AC5FC6E2A}.Release|iPhone.ActiveCfg = Release|iPhone
		{8E2F0FA0-07C1-490B-8E5C-A79AC5FC6E2A}.Release|iPhone.Build.0 = Release|iPhone
		{8E2F0FA0-07C1-490B-8E5C-A79AC5FC6E2A}.Release|iPhoneSimulator.ActiveCfg = Release|iPhoneSimulator
		{8E2F0FA0-07C1-490B-8E5C-A79AC5FC6E2A}.Release|iPhoneSimulator.Build.0 = Release|iPhoneSimulator
		{8E2F0FA0-07C1-490B-8E5C-A79AC5FC6E2A}.Release|x64.ActiveCfg = Release|iPhone
		{8E2F0FA0-07C1-490B-8E5C-A79AC5FC6E2A}.Release|x86.ActiveCfg = Release|iPhone
		{05AF056D-D763-4493-B30C-6F16110F0193}.Ad-Hoc|Any CPU.ActiveCfg = Release|Any CPU
		{05AF056D-D763-4493-B30C-6F16110F0193}.Ad-Hoc|Any CPU.Build.0 = Release|Any CPU
		{05AF056D-D763-4493-B30C-6F16110F0193}.Ad-Hoc|Any CPU.Deploy.0 = Release|Any CPU
		{05AF056D-D763-4493-B30C-6F16110F0193}.Ad-Hoc|ARM.ActiveCfg = Release|ARM
		{05AF056D-D763-4493-B30C-6F16110F0193}.Ad-Hoc|ARM.Build.0 = Release|ARM
		{05AF056D-D763-4493-B30C-6F16110F0193}.Ad-Hoc|ARM.Deploy.0 = Release|ARM
		{05AF056D-D763-4493-B30C-6F16110F0193}.Ad-Hoc|iPhone.ActiveCfg = Release|Any CPU
		{05AF056D-D763-4493-B30C-6F16110F0193}.Ad-Hoc|iPhone.Build.0 = Release|Any CPU
		{05AF056D-D763-4493-B30C-6F16110F0193}.Ad-Hoc|iPhone.Deploy.0 = Release|Any CPU
		{05AF056D-D763-4493-B30C-6F16110F0193}.Ad-Hoc|iPhoneSimulator.ActiveCfg = Release|Any CPU
		{05AF056D-D763-4493-B30C-6F16110F0193}.Ad-Hoc|iPhoneSimulator.Build.0 = Release|Any CPU
		{05AF056D-D763-4493-B30C-6F16110F0193}.Ad-Hoc|iPhoneSimulator.Deploy.0 = Release|Any CPU
		{05AF056D-D763-4493-B30C-6F16110F0193}.Ad-Hoc|x64.ActiveCfg = Release|Any CPU
		{05AF056D-D763-4493-B30C-6F16110F0193}.Ad-Hoc|x64.Build.0 = Release|Any CPU
		{05AF056D-D763-4493-B30C-6F16110F0193}.Ad-Hoc|x64.Deploy.0 = Release|Any CPU
		{05AF056D-D763-4493-B30C-6F16110F0193}.Ad-Hoc|x86.ActiveCfg = Release|x86
		{05AF056D-D763-4493-B30C-6F16110F0193}.Ad-Hoc|x86.Build.0 = Release|x86
		{05AF056D-D763-4493-B30C-6F16110F0193}.Ad-Hoc|x86.Deploy.0 = Release|x86
		{05AF056D-D763-4493-B30C-6F16110F0193}.AppStore|Any CPU.ActiveCfg = Release|Any CPU
		{05AF056D-D763-4493-B30C-6F16110F0193}.AppStore|Any CPU.Build.0 = Release|Any CPU
		{05AF056D-D763-4493-B30C-6F16110F0193}.AppStore|Any CPU.Deploy.0 = Release|Any CPU
		{05AF056D-D763-4493-B30C-6F16110F0193}.AppStore|ARM.ActiveCfg = Release|ARM
		{05AF056D-D763-4493-B30C-6F16110F0193}.AppStore|ARM.Build.0 = Release|ARM
		{05AF056D-D763-4493-B30C-6F16110F0193}.AppStore|ARM.Deploy.0 = Release|ARM
		{05AF056D-D763-4493-B30C-6F16110F0193}.AppStore|iPhone.ActiveCfg = Release|Any CPU
		{05AF056D-D763-4493-B30C-6F16110F0193}.AppStore|iPhone.Build.0 = Release|Any CPU
		{05AF056D-D763-4493-B30C-6F16110F0193}.AppStore|iPhone.Deploy.0 = Release|Any CPU
		{05AF056D-D763-4493-B30C-6F16110F0193}.AppStore|iPhoneSimulator.ActiveCfg = Release|Any CPU
		{05AF056D-D763-4493-B30C-6F16110F0193}.AppStore|iPhoneSimulator.Build.0 = Release|Any CPU
		{05AF056D-D763-4493-B30C-6F16110F0193}.AppStore|iPhoneSimulator.Deploy.0 = Release|Any CPU
		{05AF056D-D763-4493-B30C-6F16110F0193}.AppStore|x64.ActiveCfg = Release|Any CPU
		{05AF056D-D763-4493-B30C-6F16110F0193}.AppStore|x64.Build.0 = Release|Any CPU
		{05AF056D-D763-4493-B30C-6F16110F0193}.AppStore|x64.Deploy.0 = Release|Any CPU
		{05AF056D-D763-4493-B30C-6F16110F0193}.AppStore|x86.ActiveCfg = Release|x86
		{05AF056D-D763-4493-B30C-6F16110F0193}.AppStore|x86.Build.0 = Release|x86
		{05AF056D-D763-4493-B30C-6F16110F0193}.AppStore|x86.Deploy.0 = Release|x86
		{05AF056D-D763-4493-B30C-6F16110F0193}.Debug|Any CPU.ActiveCfg = Debug|Any CPU
		{05AF056D-D763-4493-B30C-6F16110F0193}.Debug|Any CPU.Build.0 = Debug|Any CPU
		{05AF056D-D763-4493-B30C-6F16110F0193}.Debug|Any CPU.Deploy.0 = Debug|Any CPU
		{05AF056D-D763-4493-B30C-6F16110F0193}.Debug|ARM.ActiveCfg = Debug|ARM
		{05AF056D-D763-4493-B30C-6F16110F0193}.Debug|ARM.Build.0 = Debug|ARM
		{05AF056D-D763-4493-B30C-6F16110F0193}.Debug|ARM.Deploy.0 = Debug|ARM
		{05AF056D-D763-4493-B30C-6F16110F0193}.Debug|iPhone.ActiveCfg = Debug|Any CPU
		{05AF056D-D763-4493-B30C-6F16110F0193}.Debug|iPhone.Build.0 = Debug|Any CPU
		{05AF056D-D763-4493-B30C-6F16110F0193}.Debug|iPhone.Deploy.0 = Debug|Any CPU
		{05AF056D-D763-4493-B30C-6F16110F0193}.Debug|iPhoneSimulator.ActiveCfg = Debug|Any CPU
		{05AF056D-D763-4493-B30C-6F16110F0193}.Debug|iPhoneSimulator.Build.0 = Debug|Any CPU
		{05AF056D-D763-4493-B30C-6F16110F0193}.Debug|iPhoneSimulator.Deploy.0 = Debug|Any CPU
		{05AF056D-D763-4493-B30C-6F16110F0193}.Debug|x64.ActiveCfg = Debug|Any CPU
		{05AF056D-D763-4493-B30C-6F16110F0193}.Debug|x64.Build.0 = Debug|Any CPU
		{05AF056D-D763-4493-B30C-6F16110F0193}.Debug|x64.Deploy.0 = Debug|Any CPU
		{05AF056D-D763-4493-B30C-6F16110F0193}.Debug|x86.ActiveCfg = Debug|x86
		{05AF056D-D763-4493-B30C-6F16110F0193}.Debug|x86.Build.0 = Debug|x86
		{05AF056D-D763-4493-B30C-6F16110F0193}.Debug|x86.Deploy.0 = Debug|x86
		{05AF056D-D763-4493-B30C-6F16110F0193}.Release|Any CPU.ActiveCfg = Release|Any CPU
		{05AF056D-D763-4493-B30C-6F16110F0193}.Release|Any CPU.Build.0 = Release|Any CPU
		{05AF056D-D763-4493-B30C-6F16110F0193}.Release|Any CPU.Deploy.0 = Release|Any CPU
		{05AF056D-D763-4493-B30C-6F16110F0193}.Release|ARM.ActiveCfg = Release|ARM
		{05AF056D-D763-4493-B30C-6F16110F0193}.Release|ARM.Build.0 = Release|ARM
		{05AF056D-D763-4493-B30C-6F16110F0193}.Release|ARM.Deploy.0 = Release|ARM
		{05AF056D-D763-4493-B30C-6F16110F0193}.Release|iPhone.ActiveCfg = Release|Any CPU
		{05AF056D-D763-4493-B30C-6F16110F0193}.Release|iPhone.Build.0 = Release|Any CPU
		{05AF056D-D763-4493-B30C-6F16110F0193}.Release|iPhone.Deploy.0 = Release|Any CPU
		{05AF056D-D763-4493-B30C-6F16110F0193}.Release|iPhoneSimulator.ActiveCfg = Release|Any CPU
		{05AF056D-D763-4493-B30C-6F16110F0193}.Release|iPhoneSimulator.Build.0 = Release|Any CPU
		{05AF056D-D763-4493-B30C-6F16110F0193}.Release|iPhoneSimulator.Deploy.0 = Release|Any CPU
		{05AF056D-D763-4493-B30C-6F16110F0193}.Release|x64.ActiveCfg = Release|Any CPU
		{05AF056D-D763-4493-B30C-6F16110F0193}.Release|x64.Build.0 = Release|Any CPU
		{05AF056D-D763-4493-B30C-6F16110F0193}.Release|x64.Deploy.0 = Release|Any CPU
		{05AF056D-D763-4493-B30C-6F16110F0193}.Release|x86.ActiveCfg = Release|x86
		{05AF056D-D763-4493-B30C-6F16110F0193}.Release|x86.Build.0 = Release|x86
		{05AF056D-D763-4493-B30C-6F16110F0193}.Release|x86.Deploy.0 = Release|x86
		{B3FA7B28-9014-4CDC-BE91-97C329018F5E}.Ad-Hoc|Any CPU.ActiveCfg = Release|x86
		{B3FA7B28-9014-4CDC-BE91-97C329018F5E}.Ad-Hoc|Any CPU.Build.0 = Release|x86
		{B3FA7B28-9014-4CDC-BE91-97C329018F5E}.Ad-Hoc|Any CPU.Deploy.0 = Release|x86
		{B3FA7B28-9014-4CDC-BE91-97C329018F5E}.Ad-Hoc|ARM.ActiveCfg = Release|ARM
		{B3FA7B28-9014-4CDC-BE91-97C329018F5E}.Ad-Hoc|ARM.Build.0 = Release|ARM
		{B3FA7B28-9014-4CDC-BE91-97C329018F5E}.Ad-Hoc|ARM.Deploy.0 = Release|ARM
		{B3FA7B28-9014-4CDC-BE91-97C329018F5E}.Ad-Hoc|iPhone.ActiveCfg = Release|x86
		{B3FA7B28-9014-4CDC-BE91-97C329018F5E}.Ad-Hoc|iPhone.Build.0 = Release|x86
		{B3FA7B28-9014-4CDC-BE91-97C329018F5E}.Ad-Hoc|iPhone.Deploy.0 = Release|x86
		{B3FA7B28-9014-4CDC-BE91-97C329018F5E}.Ad-Hoc|iPhoneSimulator.ActiveCfg = Release|x86
		{B3FA7B28-9014-4CDC-BE91-97C329018F5E}.Ad-Hoc|iPhoneSimulator.Build.0 = Release|x86
		{B3FA7B28-9014-4CDC-BE91-97C329018F5E}.Ad-Hoc|iPhoneSimulator.Deploy.0 = Release|x86
		{B3FA7B28-9014-4CDC-BE91-97C329018F5E}.Ad-Hoc|x64.ActiveCfg = Release|x64
		{B3FA7B28-9014-4CDC-BE91-97C329018F5E}.Ad-Hoc|x64.Build.0 = Release|x64
		{B3FA7B28-9014-4CDC-BE91-97C329018F5E}.Ad-Hoc|x64.Deploy.0 = Release|x64
		{B3FA7B28-9014-4CDC-BE91-97C329018F5E}.Ad-Hoc|x86.ActiveCfg = Release|x86
		{B3FA7B28-9014-4CDC-BE91-97C329018F5E}.Ad-Hoc|x86.Build.0 = Release|x86
		{B3FA7B28-9014-4CDC-BE91-97C329018F5E}.Ad-Hoc|x86.Deploy.0 = Release|x86
		{B3FA7B28-9014-4CDC-BE91-97C329018F5E}.AppStore|Any CPU.ActiveCfg = Release|x86
		{B3FA7B28-9014-4CDC-BE91-97C329018F5E}.AppStore|Any CPU.Build.0 = Release|x86
		{B3FA7B28-9014-4CDC-BE91-97C329018F5E}.AppStore|Any CPU.Deploy.0 = Release|x86
		{B3FA7B28-9014-4CDC-BE91-97C329018F5E}.AppStore|ARM.ActiveCfg = Release|ARM
		{B3FA7B28-9014-4CDC-BE91-97C329018F5E}.AppStore|ARM.Build.0 = Release|ARM
		{B3FA7B28-9014-4CDC-BE91-97C329018F5E}.AppStore|ARM.Deploy.0 = Release|ARM
		{B3FA7B28-9014-4CDC-BE91-97C329018F5E}.AppStore|iPhone.ActiveCfg = Release|x86
		{B3FA7B28-9014-4CDC-BE91-97C329018F5E}.AppStore|iPhone.Build.0 = Release|x86
		{B3FA7B28-9014-4CDC-BE91-97C329018F5E}.AppStore|iPhone.Deploy.0 = Release|x86
		{B3FA7B28-9014-4CDC-BE91-97C329018F5E}.AppStore|iPhoneSimulator.ActiveCfg = Release|x86
		{B3FA7B28-9014-4CDC-BE91-97C329018F5E}.AppStore|iPhoneSimulator.Build.0 = Release|x86
		{B3FA7B28-9014-4CDC-BE91-97C329018F5E}.AppStore|iPhoneSimulator.Deploy.0 = Release|x86
		{B3FA7B28-9014-4CDC-BE91-97C329018F5E}.AppStore|x64.ActiveCfg = Release|x64
		{B3FA7B28-9014-4CDC-BE91-97C329018F5E}.AppStore|x64.Build.0 = Release|x64
		{B3FA7B28-9014-4CDC-BE91-97C329018F5E}.AppStore|x64.Deploy.0 = Release|x64
		{B3FA7B28-9014-4CDC-BE91-97C329018F5E}.AppStore|x86.ActiveCfg = Release|x86
		{B3FA7B28-9014-4CDC-BE91-97C329018F5E}.AppStore|x86.Build.0 = Release|x86
		{B3FA7B28-9014-4CDC-BE91-97C329018F5E}.AppStore|x86.Deploy.0 = Release|x86
		{B3FA7B28-9014-4CDC-BE91-97C329018F5E}.Debug|Any CPU.ActiveCfg = Debug|x86
		{B3FA7B28-9014-4CDC-BE91-97C329018F5E}.Debug|ARM.ActiveCfg = Debug|ARM
		{B3FA7B28-9014-4CDC-BE91-97C329018F5E}.Debug|ARM.Build.0 = Debug|ARM
		{B3FA7B28-9014-4CDC-BE91-97C329018F5E}.Debug|ARM.Deploy.0 = Debug|ARM
		{B3FA7B28-9014-4CDC-BE91-97C329018F5E}.Debug|iPhone.ActiveCfg = Debug|x86
		{B3FA7B28-9014-4CDC-BE91-97C329018F5E}.Debug|iPhoneSimulator.ActiveCfg = Debug|x86
		{B3FA7B28-9014-4CDC-BE91-97C329018F5E}.Debug|x64.ActiveCfg = Debug|x64
		{B3FA7B28-9014-4CDC-BE91-97C329018F5E}.Debug|x64.Build.0 = Debug|x64
		{B3FA7B28-9014-4CDC-BE91-97C329018F5E}.Debug|x64.Deploy.0 = Debug|x64
		{B3FA7B28-9014-4CDC-BE91-97C329018F5E}.Debug|x86.ActiveCfg = Debug|x86
		{B3FA7B28-9014-4CDC-BE91-97C329018F5E}.Debug|x86.Build.0 = Debug|x86
		{B3FA7B28-9014-4CDC-BE91-97C329018F5E}.Debug|x86.Deploy.0 = Debug|x86
		{B3FA7B28-9014-4CDC-BE91-97C329018F5E}.Release|Any CPU.ActiveCfg = Release|x86
		{B3FA7B28-9014-4CDC-BE91-97C329018F5E}.Release|ARM.ActiveCfg = Release|ARM
		{B3FA7B28-9014-4CDC-BE91-97C329018F5E}.Release|ARM.Build.0 = Release|ARM
		{B3FA7B28-9014-4CDC-BE91-97C329018F5E}.Release|ARM.Deploy.0 = Release|ARM
		{B3FA7B28-9014-4CDC-BE91-97C329018F5E}.Release|iPhone.ActiveCfg = Release|x86
		{B3FA7B28-9014-4CDC-BE91-97C329018F5E}.Release|iPhoneSimulator.ActiveCfg = Release|x86
		{B3FA7B28-9014-4CDC-BE91-97C329018F5E}.Release|x64.ActiveCfg = Release|x64
		{B3FA7B28-9014-4CDC-BE91-97C329018F5E}.Release|x64.Build.0 = Release|x64
		{B3FA7B28-9014-4CDC-BE91-97C329018F5E}.Release|x64.Deploy.0 = Release|x64
		{B3FA7B28-9014-4CDC-BE91-97C329018F5E}.Release|x86.ActiveCfg = Release|x86
		{B3FA7B28-9014-4CDC-BE91-97C329018F5E}.Release|x86.Build.0 = Release|x86
		{B3FA7B28-9014-4CDC-BE91-97C329018F5E}.Release|x86.Deploy.0 = Release|x86
		{B91A6BE8-09EC-47A5-9E7C-25CCC5F0F5E3}.Ad-Hoc|Any CPU.ActiveCfg = Release|Any CPU
		{B91A6BE8-09EC-47A5-9E7C-25CCC5F0F5E3}.Ad-Hoc|Any CPU.Build.0 = Release|Any CPU
		{B91A6BE8-09EC-47A5-9E7C-25CCC5F0F5E3}.Ad-Hoc|Any CPU.Deploy.0 = Release|Any CPU
		{B91A6BE8-09EC-47A5-9E7C-25CCC5F0F5E3}.Ad-Hoc|ARM.ActiveCfg = Release|ARM
		{B91A6BE8-09EC-47A5-9E7C-25CCC5F0F5E3}.Ad-Hoc|ARM.Build.0 = Release|ARM
		{B91A6BE8-09EC-47A5-9E7C-25CCC5F0F5E3}.Ad-Hoc|ARM.Deploy.0 = Release|ARM
		{B91A6BE8-09EC-47A5-9E7C-25CCC5F0F5E3}.Ad-Hoc|iPhone.ActiveCfg = Release|Any CPU
		{B91A6BE8-09EC-47A5-9E7C-25CCC5F0F5E3}.Ad-Hoc|iPhone.Build.0 = Release|Any CPU
		{B91A6BE8-09EC-47A5-9E7C-25CCC5F0F5E3}.Ad-Hoc|iPhone.Deploy.0 = Release|Any CPU
		{B91A6BE8-09EC-47A5-9E7C-25CCC5F0F5E3}.Ad-Hoc|iPhoneSimulator.ActiveCfg = Release|Any CPU
		{B91A6BE8-09EC-47A5-9E7C-25CCC5F0F5E3}.Ad-Hoc|iPhoneSimulator.Build.0 = Release|Any CPU
		{B91A6BE8-09EC-47A5-9E7C-25CCC5F0F5E3}.Ad-Hoc|iPhoneSimulator.Deploy.0 = Release|Any CPU
		{B91A6BE8-09EC-47A5-9E7C-25CCC5F0F5E3}.Ad-Hoc|x64.ActiveCfg = Release|x64
		{B91A6BE8-09EC-47A5-9E7C-25CCC5F0F5E3}.Ad-Hoc|x64.Build.0 = Release|x64
		{B91A6BE8-09EC-47A5-9E7C-25CCC5F0F5E3}.Ad-Hoc|x64.Deploy.0 = Release|x64
		{B91A6BE8-09EC-47A5-9E7C-25CCC5F0F5E3}.Ad-Hoc|x86.ActiveCfg = Release|x86
		{B91A6BE8-09EC-47A5-9E7C-25CCC5F0F5E3}.Ad-Hoc|x86.Build.0 = Release|x86
		{B91A6BE8-09EC-47A5-9E7C-25CCC5F0F5E3}.Ad-Hoc|x86.Deploy.0 = Release|x86
		{B91A6BE8-09EC-47A5-9E7C-25CCC5F0F5E3}.AppStore|Any CPU.ActiveCfg = Release|Any CPU
		{B91A6BE8-09EC-47A5-9E7C-25CCC5F0F5E3}.AppStore|Any CPU.Build.0 = Release|Any CPU
		{B91A6BE8-09EC-47A5-9E7C-25CCC5F0F5E3}.AppStore|Any CPU.Deploy.0 = Release|Any CPU
		{B91A6BE8-09EC-47A5-9E7C-25CCC5F0F5E3}.AppStore|ARM.ActiveCfg = Release|ARM
		{B91A6BE8-09EC-47A5-9E7C-25CCC5F0F5E3}.AppStore|ARM.Build.0 = Release|ARM
		{B91A6BE8-09EC-47A5-9E7C-25CCC5F0F5E3}.AppStore|ARM.Deploy.0 = Release|ARM
		{B91A6BE8-09EC-47A5-9E7C-25CCC5F0F5E3}.AppStore|iPhone.ActiveCfg = Release|Any CPU
		{B91A6BE8-09EC-47A5-9E7C-25CCC5F0F5E3}.AppStore|iPhone.Build.0 = Release|Any CPU
		{B91A6BE8-09EC-47A5-9E7C-25CCC5F0F5E3}.AppStore|iPhone.Deploy.0 = Release|Any CPU
		{B91A6BE8-09EC-47A5-9E7C-25CCC5F0F5E3}.AppStore|iPhoneSimulator.ActiveCfg = Release|Any CPU
		{B91A6BE8-09EC-47A5-9E7C-25CCC5F0F5E3}.AppStore|iPhoneSimulator.Build.0 = Release|Any CPU
		{B91A6BE8-09EC-47A5-9E7C-25CCC5F0F5E3}.AppStore|iPhoneSimulator.Deploy.0 = Release|Any CPU
		{B91A6BE8-09EC-47A5-9E7C-25CCC5F0F5E3}.AppStore|x64.ActiveCfg = Release|x64
		{B91A6BE8-09EC-47A5-9E7C-25CCC5F0F5E3}.AppStore|x64.Build.0 = Release|x64
		{B91A6BE8-09EC-47A5-9E7C-25CCC5F0F5E3}.AppStore|x64.Deploy.0 = Release|x64
		{B91A6BE8-09EC-47A5-9E7C-25CCC5F0F5E3}.AppStore|x86.ActiveCfg = Release|x86
		{B91A6BE8-09EC-47A5-9E7C-25CCC5F0F5E3}.AppStore|x86.Build.0 = Release|x86
		{B91A6BE8-09EC-47A5-9E7C-25CCC5F0F5E3}.AppStore|x86.Deploy.0 = Release|x86
		{B91A6BE8-09EC-47A5-9E7C-25CCC5F0F5E3}.Debug|Any CPU.ActiveCfg = Debug|Any CPU
		{B91A6BE8-09EC-47A5-9E7C-25CCC5F0F5E3}.Debug|Any CPU.Build.0 = Debug|Any CPU
		{B91A6BE8-09EC-47A5-9E7C-25CCC5F0F5E3}.Debug|Any CPU.Deploy.0 = Debug|Any CPU
		{B91A6BE8-09EC-47A5-9E7C-25CCC5F0F5E3}.Debug|ARM.ActiveCfg = Debug|ARM
		{B91A6BE8-09EC-47A5-9E7C-25CCC5F0F5E3}.Debug|ARM.Build.0 = Debug|ARM
		{B91A6BE8-09EC-47A5-9E7C-25CCC5F0F5E3}.Debug|ARM.Deploy.0 = Debug|ARM
		{B91A6BE8-09EC-47A5-9E7C-25CCC5F0F5E3}.Debug|iPhone.ActiveCfg = Debug|Any CPU
		{B91A6BE8-09EC-47A5-9E7C-25CCC5F0F5E3}.Debug|iPhone.Build.0 = Debug|Any CPU
		{B91A6BE8-09EC-47A5-9E7C-25CCC5F0F5E3}.Debug|iPhone.Deploy.0 = Debug|Any CPU
		{B91A6BE8-09EC-47A5-9E7C-25CCC5F0F5E3}.Debug|iPhoneSimulator.ActiveCfg = Debug|Any CPU
		{B91A6BE8-09EC-47A5-9E7C-25CCC5F0F5E3}.Debug|iPhoneSimulator.Build.0 = Debug|Any CPU
		{B91A6BE8-09EC-47A5-9E7C-25CCC5F0F5E3}.Debug|iPhoneSimulator.Deploy.0 = Debug|Any CPU
		{B91A6BE8-09EC-47A5-9E7C-25CCC5F0F5E3}.Debug|x64.ActiveCfg = Debug|x64
		{B91A6BE8-09EC-47A5-9E7C-25CCC5F0F5E3}.Debug|x64.Build.0 = Debug|x64
		{B91A6BE8-09EC-47A5-9E7C-25CCC5F0F5E3}.Debug|x64.Deploy.0 = Debug|x64
		{B91A6BE8-09EC-47A5-9E7C-25CCC5F0F5E3}.Debug|x86.ActiveCfg = Debug|x86
		{B91A6BE8-09EC-47A5-9E7C-25CCC5F0F5E3}.Debug|x86.Build.0 = Debug|x86
		{B91A6BE8-09EC-47A5-9E7C-25CCC5F0F5E3}.Debug|x86.Deploy.0 = Debug|x86
		{B91A6BE8-09EC-47A5-9E7C-25CCC5F0F5E3}.Release|Any CPU.ActiveCfg = Release|Any CPU
		{B91A6BE8-09EC-47A5-9E7C-25CCC5F0F5E3}.Release|Any CPU.Build.0 = Release|Any CPU
		{B91A6BE8-09EC-47A5-9E7C-25CCC5F0F5E3}.Release|Any CPU.Deploy.0 = Release|Any CPU
		{B91A6BE8-09EC-47A5-9E7C-25CCC5F0F5E3}.Release|ARM.ActiveCfg = Release|ARM
		{B91A6BE8-09EC-47A5-9E7C-25CCC5F0F5E3}.Release|ARM.Build.0 = Release|ARM
		{B91A6BE8-09EC-47A5-9E7C-25CCC5F0F5E3}.Release|ARM.Deploy.0 = Release|ARM
		{B91A6BE8-09EC-47A5-9E7C-25CCC5F0F5E3}.Release|iPhone.ActiveCfg = Release|Any CPU
		{B91A6BE8-09EC-47A5-9E7C-25CCC5F0F5E3}.Release|iPhone.Build.0 = Release|Any CPU
		{B91A6BE8-09EC-47A5-9E7C-25CCC5F0F5E3}.Release|iPhone.Deploy.0 = Release|Any CPU
		{B91A6BE8-09EC-47A5-9E7C-25CCC5F0F5E3}.Release|iPhoneSimulator.ActiveCfg = Release|Any CPU
		{B91A6BE8-09EC-47A5-9E7C-25CCC5F0F5E3}.Release|iPhoneSimulator.Build.0 = Release|Any CPU
		{B91A6BE8-09EC-47A5-9E7C-25CCC5F0F5E3}.Release|iPhoneSimulator.Deploy.0 = Release|Any CPU
		{B91A6BE8-09EC-47A5-9E7C-25CCC5F0F5E3}.Release|x64.ActiveCfg = Release|x64
		{B91A6BE8-09EC-47A5-9E7C-25CCC5F0F5E3}.Release|x64.Build.0 = Release|x64
		{B91A6BE8-09EC-47A5-9E7C-25CCC5F0F5E3}.Release|x64.Deploy.0 = Release|x64
		{B91A6BE8-09EC-47A5-9E7C-25CCC5F0F5E3}.Release|x86.ActiveCfg = Release|x86
		{B91A6BE8-09EC-47A5-9E7C-25CCC5F0F5E3}.Release|x86.Build.0 = Release|x86
		{B91A6BE8-09EC-47A5-9E7C-25CCC5F0F5E3}.Release|x86.Deploy.0 = Release|x86
		{B64A22C4-A9AE-4578-86EB-26274778F7C7}.Ad-Hoc|Any CPU.ActiveCfg = Release|Any CPU
		{B64A22C4-A9AE-4578-86EB-26274778F7C7}.Ad-Hoc|Any CPU.Build.0 = Release|Any CPU
		{B64A22C4-A9AE-4578-86EB-26274778F7C7}.Ad-Hoc|ARM.ActiveCfg = Release|Any CPU
		{B64A22C4-A9AE-4578-86EB-26274778F7C7}.Ad-Hoc|ARM.Build.0 = Release|Any CPU
		{B64A22C4-A9AE-4578-86EB-26274778F7C7}.Ad-Hoc|iPhone.ActiveCfg = Release|Any CPU
		{B64A22C4-A9AE-4578-86EB-26274778F7C7}.Ad-Hoc|iPhone.Build.0 = Release|Any CPU
		{B64A22C4-A9AE-4578-86EB-26274778F7C7}.Ad-Hoc|iPhoneSimulator.ActiveCfg = Release|Any CPU
		{B64A22C4-A9AE-4578-86EB-26274778F7C7}.Ad-Hoc|iPhoneSimulator.Build.0 = Release|Any CPU
		{B64A22C4-A9AE-4578-86EB-26274778F7C7}.Ad-Hoc|x64.ActiveCfg = Release|Any CPU
		{B64A22C4-A9AE-4578-86EB-26274778F7C7}.Ad-Hoc|x64.Build.0 = Release|Any CPU
		{B64A22C4-A9AE-4578-86EB-26274778F7C7}.Ad-Hoc|x86.ActiveCfg = Release|Any CPU
		{B64A22C4-A9AE-4578-86EB-26274778F7C7}.Ad-Hoc|x86.Build.0 = Release|Any CPU
		{B64A22C4-A9AE-4578-86EB-26274778F7C7}.AppStore|Any CPU.ActiveCfg = Release|Any CPU
		{B64A22C4-A9AE-4578-86EB-26274778F7C7}.AppStore|Any CPU.Build.0 = Release|Any CPU
		{B64A22C4-A9AE-4578-86EB-26274778F7C7}.AppStore|ARM.ActiveCfg = Release|Any CPU
		{B64A22C4-A9AE-4578-86EB-26274778F7C7}.AppStore|ARM.Build.0 = Release|Any CPU
		{B64A22C4-A9AE-4578-86EB-26274778F7C7}.AppStore|iPhone.ActiveCfg = Release|Any CPU
		{B64A22C4-A9AE-4578-86EB-26274778F7C7}.AppStore|iPhone.Build.0 = Release|Any CPU
		{B64A22C4-A9AE-4578-86EB-26274778F7C7}.AppStore|iPhoneSimulator.ActiveCfg = Release|Any CPU
		{B64A22C4-A9AE-4578-86EB-26274778F7C7}.AppStore|iPhoneSimulator.Build.0 = Release|Any CPU
		{B64A22C4-A9AE-4578-86EB-26274778F7C7}.AppStore|x64.ActiveCfg = Release|Any CPU
		{B64A22C4-A9AE-4578-86EB-26274778F7C7}.AppStore|x64.Build.0 = Release|Any CPU
		{B64A22C4-A9AE-4578-86EB-26274778F7C7}.AppStore|x86.ActiveCfg = Release|Any CPU
		{B64A22C4-A9AE-4578-86EB-26274778F7C7}.AppStore|x86.Build.0 = Release|Any CPU
		{B64A22C4-A9AE-4578-86EB-26274778F7C7}.Debug|Any CPU.ActiveCfg = Debug|Any CPU
		{B64A22C4-A9AE-4578-86EB-26274778F7C7}.Debug|Any CPU.Build.0 = Debug|Any CPU
		{B64A22C4-A9AE-4578-86EB-26274778F7C7}.Debug|ARM.ActiveCfg = Debug|Any CPU
		{B64A22C4-A9AE-4578-86EB-26274778F7C7}.Debug|ARM.Build.0 = Debug|Any CPU
		{B64A22C4-A9AE-4578-86EB-26274778F7C7}.Debug|iPhone.ActiveCfg = Debug|Any CPU
		{B64A22C4-A9AE-4578-86EB-26274778F7C7}.Debug|iPhone.Build.0 = Debug|Any CPU
		{B64A22C4-A9AE-4578-86EB-26274778F7C7}.Debug|iPhoneSimulator.ActiveCfg = Debug|Any CPU
		{B64A22C4-A9AE-4578-86EB-26274778F7C7}.Debug|iPhoneSimulator.Build.0 = Debug|Any CPU
		{B64A22C4-A9AE-4578-86EB-26274778F7C7}.Debug|x64.ActiveCfg = Debug|Any CPU
		{B64A22C4-A9AE-4578-86EB-26274778F7C7}.Debug|x64.Build.0 = Debug|Any CPU
		{B64A22C4-A9AE-4578-86EB-26274778F7C7}.Debug|x86.ActiveCfg = Debug|Any CPU
		{B64A22C4-A9AE-4578-86EB-26274778F7C7}.Debug|x86.Build.0 = Debug|Any CPU
		{B64A22C4-A9AE-4578-86EB-26274778F7C7}.Release|Any CPU.ActiveCfg = Release|Any CPU
		{B64A22C4-A9AE-4578-86EB-26274778F7C7}.Release|Any CPU.Build.0 = Release|Any CPU
		{B64A22C4-A9AE-4578-86EB-26274778F7C7}.Release|ARM.ActiveCfg = Release|Any CPU
		{B64A22C4-A9AE-4578-86EB-26274778F7C7}.Release|ARM.Build.0 = Release|Any CPU
		{B64A22C4-A9AE-4578-86EB-26274778F7C7}.Release|iPhone.ActiveCfg = Release|Any CPU
		{B64A22C4-A9AE-4578-86EB-26274778F7C7}.Release|iPhone.Build.0 = Release|Any CPU
		{B64A22C4-A9AE-4578-86EB-26274778F7C7}.Release|iPhoneSimulator.ActiveCfg = Release|Any CPU
		{B64A22C4-A9AE-4578-86EB-26274778F7C7}.Release|iPhoneSimulator.Build.0 = Release|Any CPU
		{B64A22C4-A9AE-4578-86EB-26274778F7C7}.Release|x64.ActiveCfg = Release|Any CPU
		{B64A22C4-A9AE-4578-86EB-26274778F7C7}.Release|x64.Build.0 = Release|Any CPU
		{B64A22C4-A9AE-4578-86EB-26274778F7C7}.Release|x86.ActiveCfg = Release|Any CPU
		{B64A22C4-A9AE-4578-86EB-26274778F7C7}.Release|x86.Build.0 = Release|Any CPU
	EndGlobalSection
	GlobalSection(SolutionProperties) = preSolution
		HideSolutionNode = FALSE
	EndGlobalSection
EndGlobal
